
Microsoft Visual Studio Solution File, Format Version 12.00
# Visual Studio Version 16
VisualStudioVersion = 16.0.31424.327
MinimumVisualStudioVersion = 10.0.40219.1
Project("{FAE04EC0-301F-11D3-BF4B-00C04F79EFBC}") = "HPlusSport.API", "HPlusSport.API\HPlusSport.API.csproj", "{DB5908B0-87B2-4895-A7CF-6F54130A6868}"
EndProject
Global
	GlobalSection(SolutionConfigurationPlatforms) = preSolution
		Debug|Any CPU = Debug|Any CPU
		Release|Any CPU = Release|Any CPU
	EndGlobalSection
	GlobalSection(ProjectConfigurationPlatforms) = postSolution
		{DB5908B0-87B2-4895-A7CF-6F54130A6868}.Debug|Any CPU.ActiveCfg = Debug|Any CPU
		{DB5908B0-87B2-4895-A7CF-6F54130A6868}.Debug|Any CPU.Build.0 = Debug|Any CPU
		{DB5908B0-87B2-4895-A7CF-6F54130A6868}.Release|Any CPU.ActiveCfg = Release|Any CPU
		{DB5908B0-87B2-4895-A7CF-6F54130A6868}.Release|Any CPU.Build.0 = Release|Any CPU
	EndGlobalSection
	GlobalSection(SolutionProperties) = preSolution
		HideSolutionNode = FALSE
	EndGlobalSection
	GlobalSection(ExtensibilityGlobals) = postSolution
		SolutionGuid = {4449E01C-4A89-4417-A50F-180BA23B3E07}
	EndGlobalSection
EndGlobal
